{
  "name": "mags",
  "version": "1.0.0",
  "lockfileVersion": 2,
  "requires": true,
  "packages": {
    "": {
      "name": "mags",
      "version": "1.0.0",
      "license": "MIT",
      "devDependencies": {
        "@chrisoakman/chessboardjs": "^1.0.0",
        "chess.js": "^1.0.0-alpha.0"
      }
    },
    "node_modules/@chrisoakman/chessboardjs": {
      "version": "1.0.0",
      "resolved": "https://registry.npmjs.org/@chrisoakman/chessboardjs/-/chessboardjs-1.0.0.tgz",
      "integrity": "sha512-JHXHoQwwc86xW3F0YIdFcEWLnPldee5mHkqwJbOTeDh5gvNmYXyBj6AkeecDkj2WtORF959yaWYlpyZHUl3LCQ==",
      "dev": true,
      "dependencies": {
        "jquery": ">=3.4.1"
      }
    },
    "node_modules/chess.js": {
      "version": "1.0.0-alpha.0",
      "resolved": "https://registry.npmjs.org/chess.js/-/chess.js-1.0.0-alpha.0.tgz",
      "integrity": "sha512-nwEDlNEOZR/FaKW1DZLYtjgJrtAlxBW/6Fp4Hk8QXqpCCLrXweOU6/vKfJ/jNHT2gPqasxi0/ZPslcWAAdzozg==",
      "dev": true
    },
    "node_modules/jquery": {
      "version": "3.6.1",
      "resolved": "https://registry.npmjs.org/jquery/-/jquery-3.6.1.tgz",
      "integrity": "sha512-opJeO4nCucVnsjiXOE+/PcCgYw9Gwpvs/a6B1LL/lQhwWwpbVEVYDZ1FokFr8PRc7ghYlrFPuyHuiiDNTQxmcw==",
      "dev": true
    }
  },
  "dependencies": {
    "@chrisoakman/chessboardjs": {
      "version": "1.0.0",
      "resolved": "https://registry.npmjs.org/@chrisoakman/chessboardjs/-/chessboardjs-1.0.0.tgz",
      "integrity": "sha512-JHXHoQwwc86xW3F0YIdFcEWLnPldee5mHkqwJbOTeDh5gvNmYXyBj6AkeecDkj2WtORF959yaWYlpyZHUl3LCQ==",
      "dev": true,
      "requires": {
        "jquery": ">=3.4.1"
      }
    },
    "chess.js": {
      "version": "1.0.0-alpha.0",
      "resolved": "https://registry.npmjs.org/chess.js/-/chess.js-1.0.0-alpha.0.tgz",
      "integrity": "sha512-nwEDlNEOZR/FaKW1DZLYtjgJrtAlxBW/6Fp4Hk8QXqpCCLrXweOU6/vKfJ/jNHT2gPqasxi0/ZPslcWAAdzozg==",
      "dev": true
    },
    "jquery": {
      "version": "3.6.1",
      "resolved": "https://registry.npmjs.org/jquery/-/jquery-3.6.1.tgz",
      "integrity": "sha512-opJeO4nCucVnsjiXOE+/PcCgYw9Gwpvs/a6B1LL/lQhwWwpbVEVYDZ1FokFr8PRc7ghYlrFPuyHuiiDNTQxmcw==",
      "dev": true
    }
  }
}
